
Microsoft Visual Studio Solution File, Format Version 12.00
# Visual Studio Version 17
VisualStudioVersion = 17.4.33213.308
MinimumVisualStudioVersion = 10.0.40219.1
Project("{FAE04EC0-301F-11D3-BF4B-00C04F79EFBC}") = "SOA.Serialisation", "SOA.Serialisation\SOA.Serialisation.csproj", "{BC216437-8502-4F82-90B0-9711C446C7C2}"
EndProject
Project("{E24C65DC-7377-472B-9ABA-BC803B73C61A}") = "SOA.Bare.Service", "SOA.Bare.Service\", "{48E2EB10-D702-4FAA-A683-7982BBD66294}"
	ProjectSection(WebsiteProperties) = preProject
		TargetFrameworkMoniker = ".NETFramework,Version%3Dv4.8"
		Debug.AspNetCompiler.VirtualPath = "/localhost_51295"
		Debug.AspNetCompiler.PhysicalPath = "SOA.Bare.Service\"
		Debug.AspNetCompiler.TargetPath = "PrecompiledWeb\localhost_51295\"
		Debug.AspNetCompiler.Updateable = "true"
		Debug.AspNetCompiler.ForceOverwrite = "true"
		Debug.AspNetCompiler.FixedNames = "false"
		Debug.AspNetCompiler.Debug = "True"
		Release.AspNetCompiler.VirtualPath = "/localhost_51295"
		Release.AspNetCompiler.PhysicalPath = "SOA.Bare.Service\"
		Release.AspNetCompiler.TargetPath = "PrecompiledWeb\localhost_51295\"
		Release.AspNetCompiler.Updateable = "true"
		Release.AspNetCompiler.ForceOverwrite = "true"
		Release.AspNetCompiler.FixedNames = "false"
		Release.AspNetCompiler.Debug = "False"
		VWDPort = "51295"
		SlnRelativePath = "SOA.Bare.Service\"
		DefaultWebSiteLanguage = "Visual C#"
	EndProjectSection
EndProject
Project("{FAE04EC0-301F-11D3-BF4B-00C04F79EFBC}") = "SOA.App.Service", "SOA.App.Service\SOA.App.Service.csproj", "{F7500AA6-F9DE-4E7A-901C-5D1DBDE51D7B}"
EndProject
Project("{FAE04EC0-301F-11D3-BF4B-00C04F79EFBC}") = "SOA.Intranet.Service", "SOA.Intranet.Service\SOA.Intranet.Service.csproj", "{EDAFD5FF-08F2-4DD7-9352-8A2240E97DEF}"
EndProject
Project("{FAE04EC0-301F-11D3-BF4B-00C04F79EFBC}") = "SOA.CalulatorService", "SOA.CalulatorService\SOA.CalulatorService.csproj", "{FA1AE8FD-8EB0-4EA5-A98B-2F29280C9960}"
EndProject
Project("{FAE04EC0-301F-11D3-BF4B-00C04F79EFBC}") = "SOA.Library", "SOA.Library\SOA.Library.csproj", "{F4A7FA45-9936-4A18-B412-A528C261C321}"
EndProject
Project("{FAE04EC0-301F-11D3-BF4B-00C04F79EFBC}") = "SOA.WebApi", "SOA.WebApi\SOA.WebApi.csproj", "{F878043C-72BA-4767-BEDA-EA46934F0E9B}"
EndProject
Project("{FAE04EC0-301F-11D3-BF4B-00C04F79EFBC}") = "SOA.ConsoleHost", "SOA.ConsoleHost\SOA.ConsoleHost.csproj", "{6F614A61-C8DE-4502-A1D9-2E15BB2C6994}"
EndProject
Project("{FAE04EC0-301F-11D3-BF4B-00C04F79EFBC}") = "SOA.RHService", "SOA.RHService\SOA.RHService.csproj", "{2F79A1EF-33D6-4167-9D4D-4B4D794C8CC3}"
EndProject
Project("{FAE04EC0-301F-11D3-BF4B-00C04F79EFBC}") = "SOA.WCFSvcHost", "SOA.WCFSvcHost\SOA.WCFSvcHost.csproj", "{BE570023-183A-42A5-8BAB-77A079AF1346}"
EndProject
Project("{FAE04EC0-301F-11D3-BF4B-00C04F79EFBC}") = "SOA.WebServiceApp", "SOA.WebServiceApp\SOA.WebServiceApp.csproj", "{5592D1C5-A484-41D6-98FD-D30605A39C3E}"
EndProject
Project("{FAE04EC0-301F-11D3-BF4B-00C04F79EFBC}") = "SOA.MonWinService", "SOA.MonWinService\SOA.MonWinService.csproj", "{D67E0D57-B9EE-4784-851B-B091A00A721C}"
EndProject
Project("{FAE04EC0-301F-11D3-BF4B-00C04F79EFBC}") = "SOA.ArithmetqueService", "SOA.ArithmetqueService\SOA.ArithmetqueService.csproj", "{E63F4997-7192-4187-ADE9-E7E9118F38E8}"
EndProject
Project("{FAE04EC0-301F-11D3-BF4B-00C04F79EFBC}") = "SOA.ArithmetiqueHost", "SOA.ArithmetiqueHost\SOA.ArithmetiqueHost.csproj", "{AD2D119D-76E4-4813-9E4F-CA8115662CF1}"
EndProject
Project("{FAE04EC0-301F-11D3-BF4B-00C04F79EFBC}") = "SOA.WinformApp", "..\SOAClientSolution\SOA.WinformApp\SOA.WinformApp.csproj", "{BD06428C-6E9E-4FB9-854B-FF8A63E0FAD6}"
EndProject
Global
	GlobalSection(SolutionConfigurationPlatforms) = preSolution
		Debug|Any CPU = Debug|Any CPU
		Release|Any CPU = Release|Any CPU
	EndGlobalSection
	GlobalSection(ProjectConfigurationPlatforms) = postSolution
		{BC216437-8502-4F82-90B0-9711C446C7C2}.Debug|Any CPU.ActiveCfg = Debug|Any CPU
		{BC216437-8502-4F82-90B0-9711C446C7C2}.Debug|Any CPU.Build.0 = Debug|Any CPU
		{BC216437-8502-4F82-90B0-9711C446C7C2}.Release|Any CPU.ActiveCfg = Release|Any CPU
		{BC216437-8502-4F82-90B0-9711C446C7C2}.Release|Any CPU.Build.0 = Release|Any CPU
		{48E2EB10-D702-4FAA-A683-7982BBD66294}.Debug|Any CPU.ActiveCfg = Debug|Any CPU
		{48E2EB10-D702-4FAA-A683-7982BBD66294}.Debug|Any CPU.Build.0 = Debug|Any CPU
		{48E2EB10-D702-4FAA-A683-7982BBD66294}.Release|Any CPU.ActiveCfg = Debug|Any CPU
		{48E2EB10-D702-4FAA-A683-7982BBD66294}.Release|Any CPU.Build.0 = Debug|Any CPU
		{F7500AA6-F9DE-4E7A-901C-5D1DBDE51D7B}.Debug|Any CPU.ActiveCfg = Debug|Any CPU
		{F7500AA6-F9DE-4E7A-901C-5D1DBDE51D7B}.Debug|Any CPU.Build.0 = Debug|Any CPU
		{F7500AA6-F9DE-4E7A-901C-5D1DBDE51D7B}.Release|Any CPU.ActiveCfg = Release|Any CPU
		{F7500AA6-F9DE-4E7A-901C-5D1DBDE51D7B}.Release|Any CPU.Build.0 = Release|Any CPU
		{EDAFD5FF-08F2-4DD7-9352-8A2240E97DEF}.Debug|Any CPU.ActiveCfg = Debug|Any CPU
		{EDAFD5FF-08F2-4DD7-9352-8A2240E97DEF}.Debug|Any CPU.Build.0 = Debug|Any CPU
		{EDAFD5FF-08F2-4DD7-9352-8A2240E97DEF}.Release|Any CPU.ActiveCfg = Release|Any CPU
		{EDAFD5FF-08F2-4DD7-9352-8A2240E97DEF}.Release|Any CPU.Build.0 = Release|Any CPU
		{FA1AE8FD-8EB0-4EA5-A98B-2F29280C9960}.Debug|Any CPU.ActiveCfg = Debug|Any CPU
		{FA1AE8FD-8EB0-4EA5-A98B-2F29280C9960}.Debug|Any CPU.Build.0 = Debug|Any CPU
		{FA1AE8FD-8EB0-4EA5-A98B-2F29280C9960}.Release|Any CPU.ActiveCfg = Release|Any CPU
		{FA1AE8FD-8EB0-4EA5-A98B-2F29280C9960}.Release|Any CPU.Build.0 = Release|Any CPU
		{F4A7FA45-9936-4A18-B412-A528C261C321}.Debug|Any CPU.ActiveCfg = Debug|Any CPU
		{F4A7FA45-9936-4A18-B412-A528C261C321}.Debug|Any CPU.Build.0 = Debug|Any CPU
		{F4A7FA45-9936-4A18-B412-A528C261C321}.Release|Any CPU.ActiveCfg = Release|Any CPU
		{F4A7FA45-9936-4A18-B412-A528C261C321}.Release|Any CPU.Build.0 = Release|Any CPU
		{F878043C-72BA-4767-BEDA-EA46934F0E9B}.Debug|Any CPU.ActiveCfg = Debug|Any CPU
		{F878043C-72BA-4767-BEDA-EA46934F0E9B}.Debug|Any CPU.Build.0 = Debug|Any CPU
		{F878043C-72BA-4767-BEDA-EA46934F0E9B}.Release|Any CPU.ActiveCfg = Release|Any CPU
		{F878043C-72BA-4767-BEDA-EA46934F0E9B}.Release|Any CPU.Build.0 = Release|Any CPU
		{6F614A61-C8DE-4502-A1D9-2E15BB2C6994}.Debug|Any CPU.ActiveCfg = Debug|Any CPU
		{6F614A61-C8DE-4502-A1D9-2E15BB2C6994}.Debug|Any CPU.Build.0 = Debug|Any CPU
		{6F614A61-C8DE-4502-A1D9-2E15BB2C6994}.Release|Any CPU.ActiveCfg = Release|Any CPU
		{6F614A61-C8DE-4502-A1D9-2E15BB2C6994}.Release|Any CPU.Build.0 = Release|Any CPU
		{2F79A1EF-33D6-4167-9D4D-4B4D794C8CC3}.Debug|Any CPU.ActiveCfg = Debug|Any CPU
		{2F79A1EF-33D6-4167-9D4D-4B4D794C8CC3}.Debug|Any CPU.Build.0 = Debug|Any CPU
		{2F79A1EF-33D6-4167-9D4D-4B4D794C8CC3}.Release|Any CPU.ActiveCfg = Release|Any CPU
		{2F79A1EF-33D6-4167-9D4D-4B4D794C8CC3}.Release|Any CPU.Build.0 = Release|Any CPU
		{BE570023-183A-42A5-8BAB-77A079AF1346}.Debug|Any CPU.ActiveCfg = Debug|Any CPU
		{BE570023-183A-42A5-8BAB-77A079AF1346}.Debug|Any CPU.Build.0 = Debug|Any CPU
		{BE570023-183A-42A5-8BAB-77A079AF1346}.Release|Any CPU.ActiveCfg = Release|Any CPU
		{BE570023-183A-42A5-8BAB-77A079AF1346}.Release|Any CPU.Build.0 = Release|Any CPU
		{5592D1C5-A484-41D6-98FD-D30605A39C3E}.Debug|Any CPU.ActiveCfg = Debug|Any CPU
		{5592D1C5-A484-41D6-98FD-D30605A39C3E}.Debug|Any CPU.Build.0 = Debug|Any CPU
		{5592D1C5-A484-41D6-98FD-D30605A39C3E}.Release|Any CPU.ActiveCfg = Release|Any CPU
		{5592D1C5-A484-41D6-98FD-D30605A39C3E}.Release|Any CPU.Build.0 = Release|Any CPU
		{D67E0D57-B9EE-4784-851B-B091A00A721C}.Debug|Any CPU.ActiveCfg = Debug|Any CPU
		{D67E0D57-B9EE-4784-851B-B091A00A721C}.Debug|Any CPU.Build.0 = Debug|Any CPU
		{D67E0D57-B9EE-4784-851B-B091A00A721C}.Release|Any CPU.ActiveCfg = Release|Any CPU
		{D67E0D57-B9EE-4784-851B-B091A00A721C}.Release|Any CPU.Build.0 = Release|Any CPU
		{E63F4997-7192-4187-ADE9-E7E9118F38E8}.Debug|Any CPU.ActiveCfg = Debug|Any CPU
		{E63F4997-7192-4187-ADE9-E7E9118F38E8}.Debug|Any CPU.Build.0 = Debug|Any CPU
		{E63F4997-7192-4187-ADE9-E7E9118F38E8}.Release|Any CPU.ActiveCfg = Release|Any CPU
		{E63F4997-7192-4187-ADE9-E7E9118F38E8}.Release|Any CPU.Build.0 = Release|Any CPU
		{AD2D119D-76E4-4813-9E4F-CA8115662CF1}.Debug|Any CPU.ActiveCfg = Debug|Any CPU
		{AD2D119D-76E4-4813-9E4F-CA8115662CF1}.Debug|Any CPU.Build.0 = Debug|Any CPU
		{AD2D119D-76E4-4813-9E4F-CA8115662CF1}.Release|Any CPU.ActiveCfg = Release|Any CPU
		{AD2D119D-76E4-4813-9E4F-CA8115662CF1}.Release|Any CPU.Build.0 = Release|Any CPU
		{BD06428C-6E9E-4FB9-854B-FF8A63E0FAD6}.Debug|Any CPU.ActiveCfg = Debug|Any CPU
		{BD06428C-6E9E-4FB9-854B-FF8A63E0FAD6}.Debug|Any CPU.Build.0 = Debug|Any CPU
		{BD06428C-6E9E-4FB9-854B-FF8A63E0FAD6}.Release|Any CPU.ActiveCfg = Release|Any CPU
		{BD06428C-6E9E-4FB9-854B-FF8A63E0FAD6}.Release|Any CPU.Build.0 = Release|Any CPU
	EndGlobalSection
	GlobalSection(SolutionProperties) = preSolution
		HideSolutionNode = FALSE
	EndGlobalSection
	GlobalSection(ExtensibilityGlobals) = postSolution
		SolutionGuid = {F63BC4BB-2433-49AE-8EC1-A86B54A65695}
	EndGlobalSection
EndGlobal
