
Microsoft Visual Studio Solution File, Format Version 12.00
# Visual Studio Version 17
VisualStudioVersion = 17.4.33213.308
MinimumVisualStudioVersion = 10.0.40219.1
Project("{FAE04EC0-301F-11D3-BF4B-00C04F79EFBC}") = "SOA.Serialisation", "SOA.Serialisation\SOA.Serialisation.csproj", "{BC216437-8502-4F82-90B0-9711C446C7C2}"
EndProject
Project("{FAE04EC0-301F-11D3-BF4B-00C04F79EFBC}") = "SOA.Console.Client", "SOA.Console.Client\SOA.Console.Client.csproj", "{40441F88-CD4D-4E59-ACD5-77860C6773CE}"
EndProject
Project("{FAE04EC0-301F-11D3-BF4B-00C04F79EFBC}") = "ConsoleApp1", "ConsoleApp1\ConsoleApp1.csproj", "{F61DA099-1D14-43C7-8778-E494F2DAFF3F}"
EndProject
Project("{FAE04EC0-301F-11D3-BF4B-00C04F79EFBC}") = "SOA.CalulatorService", "SOA.CalulatorService\SOA.CalulatorService.csproj", "{FA1AE8FD-8EB0-4EA5-A98B-2F29280C9960}"
EndProject
Global
	GlobalSection(SolutionConfigurationPlatforms) = preSolution
		Debug|Any CPU = Debug|Any CPU
		Release|Any CPU = Release|Any CPU
	EndGlobalSection
	GlobalSection(ProjectConfigurationPlatforms) = postSolution
		{BC216437-8502-4F82-90B0-9711C446C7C2}.Debug|Any CPU.ActiveCfg = Debug|Any CPU
		{BC216437-8502-4F82-90B0-9711C446C7C2}.Debug|Any CPU.Build.0 = Debug|Any CPU
		{BC216437-8502-4F82-90B0-9711C446C7C2}.Release|Any CPU.ActiveCfg = Release|Any CPU
		{BC216437-8502-4F82-90B0-9711C446C7C2}.Release|Any CPU.Build.0 = Release|Any CPU
		{40441F88-CD4D-4E59-ACD5-77860C6773CE}.Debug|Any CPU.ActiveCfg = Debug|Any CPU
		{40441F88-CD4D-4E59-ACD5-77860C6773CE}.Debug|Any CPU.Build.0 = Debug|Any CPU
		{40441F88-CD4D-4E59-ACD5-77860C6773CE}.Release|Any CPU.ActiveCfg = Release|Any CPU
		{40441F88-CD4D-4E59-ACD5-77860C6773CE}.Release|Any CPU.Build.0 = Release|Any CPU
		{F61DA099-1D14-43C7-8778-E494F2DAFF3F}.Debug|Any CPU.ActiveCfg = Debug|Any CPU
		{F61DA099-1D14-43C7-8778-E494F2DAFF3F}.Debug|Any CPU.Build.0 = Debug|Any CPU
		{F61DA099-1D14-43C7-8778-E494F2DAFF3F}.Release|Any CPU.ActiveCfg = Release|Any CPU
		{F61DA099-1D14-43C7-8778-E494F2DAFF3F}.Release|Any CPU.Build.0 = Release|Any CPU
		{FA1AE8FD-8EB0-4EA5-A98B-2F29280C9960}.Debug|Any CPU.ActiveCfg = Debug|Any CPU
		{FA1AE8FD-8EB0-4EA5-A98B-2F29280C9960}.Debug|Any CPU.Build.0 = Debug|Any CPU
		{FA1AE8FD-8EB0-4EA5-A98B-2F29280C9960}.Release|Any CPU.ActiveCfg = Release|Any CPU
		{FA1AE8FD-8EB0-4EA5-A98B-2F29280C9960}.Release|Any CPU.Build.0 = Release|Any CPU
	EndGlobalSection
	GlobalSection(SolutionProperties) = preSolution
		HideSolutionNode = FALSE
	EndGlobalSection
	GlobalSection(ExtensibilityGlobals) = postSolution
		SolutionGuid = {F63BC4BB-2433-49AE-8EC1-A86B54A65695}
	EndGlobalSection
EndGlobal
